PODS:
  - AFNetworkActivityLogger (2.0.4):
    - AFNetworking/NSURLConnection (~> 2.0)
    - AFNetworking/NSURLSession (~> 2.0)
  - AFNetworking (2.6.3):
    - AFNetworking/NSURLConnection (= 2.6.3)
    - AFNetworking/NSURLSession (= 2.6.3)
    - AFNetworking/Reachability (= 2.6.3)
    - AFNetworking/Security (= 2.6.3)
    - AFNetworking/Serialization (= 2.6.3)
    - AFNetworking/UIKit (= 2.6.3)
  - AFNetworking/NSURLConnection (2.6.3):
    - AFNetworking/Reachability
    - AFNetworking/Security
    - AFNetworking/Serialization
  - AFNetworking/NSURLSession (2.6.3):
    - AFNetworking/Reachability
    - AFNetworking/Security
    - AFNetworking/Serialization
  - AFNetworking/Reachability (2.6.3)
  - AFNetworking/Security (2.6.3)
  - AFNetworking/Serialization (2.6.3)
  - AFNetworking/UIKit (2.6.3):
    - AFNetworking/NSURLConnection
    - AFNetworking/NSURLSession
  - AirPhotoBrowser (1.7):
    - AFNetworking (~> 2.6)
    - DACircularProgress
    - pop
  - Analytics (3.0.7)
  - AWSCore (2.3.5)
  - AWSS3 (2.3.5):
    - AWSCore (= 2.3.5)
  - Bolts (1.7.0):
    - Bolts/AppLinks (= 1.7.0)
    - Bolts/Tasks (= 1.7.0)
  - Bolts/AppLinks (1.7.0):
    - Bolts/Tasks
  - Bolts/Tasks (1.7.0)
  - Branch (0.12.1)
  - Bugsnag (5.1.0):
    - KSCrash/RecordingAdvanced (~> 1.0.3)
  - CocoaLumberjack/Core (2.2.0)
  - CocoaLumberjack/Default (2.2.0):
    - CocoaLumberjack/Core
  - CocoaLumberjack/Extensions (2.2.0):
    - CocoaLumberjack/Default
  - CocoaLumberjack/Swift (2.2.0):
    - CocoaLumberjack/Extensions
  - DACircularProgress (2.3.1)
  - DateTools (1.7.0)
  - DLRadioButton (1.4.6)
  - Facade (1.1.1)
  - FBSDKCoreKit (4.11.0):
    - Bolts (~> 1.7)
  - FBSDKLoginKit (4.11.0):
    - FBSDKCoreKit
  - FBSDKShareKit (4.11.0):
    - FBSDKCoreKit
  - iRate (1.11.4)
  - Keys (1.0.0)
  - KIF/Core (3.3.2)
  - KIF/IdentifierTests (3.3.2):
    - KIF/Core
  - KSCrash/no-arc (1.0.3)
  - KSCrash/Recording (1.0.3):
    - KSCrash/no-arc
  - KSCrash/RecordingAdvanced (1.0.3):
    - KSCrash/Recording
  - Lockbox (3.0.0)
  - MBProgressHUD (0.9.2)
  - Nimble (3.1.0)
  - Parse (1.13.0):
    - Bolts/Tasks (~> 1.6)
  - PBWebViewController (0.5.0)
  - pop (1.0.9)
  - Quick (0.9.1)
  - SDWebImage (3.7.5):
    - SDWebImage/Core (= 3.7.5)
  - SDWebImage/Core (3.7.5)
  - THContactPicker (1.2)
  - TWMessageBarManager (1.8.1)
  - UIDevice-Hardware (0.1.7)

DEPENDENCIES:
  - AFNetworkActivityLogger (~> 2.0)
  - AFNetworking (~> 2.6)
  - AirPhotoBrowser (from `~/code/AirPhotoBrowser`)
  - Analytics (~> 3.0)
  - AWSS3
  - Branch
  - Bugsnag
  - CocoaLumberjack/Swift
  - DateTools
  - DLRadioButton
  - Facade
  - FBSDKCoreKit (~> 4.11.0)
  - FBSDKLoginKit (~> 4.11.0)
  - FBSDKShareKit (~> 4.11.0)
  - iRate
  - Keys (from `Pods/CocoaPodsKeys`)
  - KIF/IdentifierTests (~> 3.0)
  - Lockbox
  - MBProgressHUD (~> 0.9.1)
  - Nimble
  - Parse
  - PBWebViewController (~> 0.5)
  - pop (~> 1.0)
  - Quick (~> 0.9.0)
  - SDWebImage (~> 3.7.2)
  - THContactPicker (~> 1.2)
  - TWMessageBarManager (~> 1.8)
  - UIDevice-Hardware

EXTERNAL SOURCES:
  AirPhotoBrowser:
    :path: ~/code/AirPhotoBrowser
  Keys:
    :path: Pods/CocoaPodsKeys

SPEC CHECKSUMS:
  AFNetworkActivityLogger: 121486778117d53b3ab1c61d264b88081d0c3eee
  AFNetworking: cb8d14a848e831097108418f5d49217339d4eb60
  AirPhotoBrowser: c26ba9232aea2467ebf932ce9cbabe60fd698d54
  Analytics: b342fb4f43fa4f97ca6f4358b44d3295217ba294
  AWSCore: 8022eda5778fd7b87c9182709d8a27388e1a31fb
  AWSS3: 967f4ad3c91f1ed2c9dca09a9dcf905111232a87
  Bolts: a0058fa3b331c5a1e4402d534f2dae36dbff31e4
  Branch: 32fb6e2048118a7ff23be984e731569517fbc5f3
  Bugsnag: f766e45078ebdcf621e26739d41a1d26228d3988
  CocoaLumberjack: 17fe8581f84914d5d7e6360f7c70022b173c3ae0
  DACircularProgress: 4dd437c0fc3da5161cb289e07ac449493d41db71
  DateTools: 53288ee8b905fdc75897a1e6b5cc0144b14cba60
  DLRadioButton: 4005319c135297c2998781d4b3dabc5e9b9781c4
  Facade: 3c5c6fb1ba042d20885cfe5a290050f5b9351ca2
  FBSDKCoreKit: 686ac982723a14ec9ddb85e2f81235d7706c891b
  FBSDKLoginKit: bade9fc78277764149ccc5bfaadbf13c83175c6a
  FBSDKShareKit: 2d1746144cfc8a9dbbd24997c34ee0471be51b6a
  iRate: 599ed07c854e0695f3c605d1b2a64c67d912acb7
  Keys: 7d2ff6ff42f6903358267ce56e9392f83c31acfe
  KIF: 9de83fa627adaf65d28ace31e40f19d830bc255c
  KSCrash: e8f1367230da7e33f37deb7329c299079202b07e
  Lockbox: 3b23507064de0bfcd772f54eddf41064d4152703
  MBProgressHUD: 1569cf7ace17a8bac47aabfbb8580a49690386d1
  Nimble: 79d40f4d69d47314229bbabacaa02b8838c779b9
  Parse: f51c24d2feb412e4b2d6cc73d37cb24e8d0089bc
  PBWebViewController: 6537990155ca850fb8d0563efbc12becebc953ef
  pop: f667631a5108a2e60d9e8797c9b32ddaf2080bce
  Quick: a5221fc21788b6aeda934805e68b061839bc3165
  SDWebImage: 69c6303e3348fba97e03f65d65d4fbc26740f461
  THContactPicker: e723f7c6ab6e1d6d10d59d618322ab8bfcb00365
  TWMessageBarManager: fd84e7948ba7968a2b5d9454859135761214ec56
  UIDevice-Hardware: de848ac4b53de555f70ff1a32877454d221c71d1

COCOAPODS: 0.39.0
