// !$*UTF8*$!
{
	archiveVersion = 1;
	classes = {
	};
	objectVersion = 46;
	objects = {

/* Begin PBXBuildFile section */
		15A28D919EA4F7ED807AE42E /* libPods-PatchrTests.a in Frameworks */ = {isa = PBXBuildFile; fileRef = 3B8381B98B66335E158CEC99 /* libPods-PatchrTests.a */; };
		329E8C34AA0DAB5B16518B8A /* libPods-Patchr.a in Frameworks */ = {isa = PBXBuildFile; fileRef = 3B36067AA93A3B743CFCA837 /* libPods-Patchr.a */; };
		7D01FA361A7024E200DD6DFA /* JSONResponseSerializerWithData.m in Sources */ = {isa = PBXBuildFile; fileRef = 7D01FA351A7024E200DD6DFA /* JSONResponseSerializerWithData.m */; };
		7D021ABE1A9409450047DAAE /* SignInTableViewController.swift in Sources */ = {isa = PBXBuildFile; fileRef = 7D021ABD1A9409450047DAAE /* SignInTableViewController.swift */; };
		7D021AC21A9423080047DAAE /* SplashViewController.swift in Sources */ = {isa = PBXBuildFile; fileRef = 7D021AC11A9423080047DAAE /* SplashViewController.swift */; };
		7D03C3D71A980D9400BAFD19 /* MapKit.framework in Frameworks */ = {isa = PBXBuildFile; fileRef = 7D03C3D61A980D9400BAFD19 /* MapKit.framework */; };
		7D0BAD4C1A96CEB0002E602D /* MainTabBarController.swift in Sources */ = {isa = PBXBuildFile; fileRef = 7D0BAD4B1A96CEB0002E602D /* MainTabBarController.swift */; };
		7D3D39CF1A6F086F00A44CB2 /* AppDelegate.swift in Sources */ = {isa = PBXBuildFile; fileRef = 7D3D39CE1A6F086F00A44CB2 /* AppDelegate.swift */; };
		7D3D39D41A6F086F00A44CB2 /* Main.storyboard in Resources */ = {isa = PBXBuildFile; fileRef = 7D3D39D21A6F086F00A44CB2 /* Main.storyboard */; };
		7D3D39D61A6F086F00A44CB2 /* Images.xcassets in Resources */ = {isa = PBXBuildFile; fileRef = 7D3D39D51A6F086F00A44CB2 /* Images.xcassets */; };
		7D3D39D91A6F086F00A44CB2 /* LaunchScreen.xib in Resources */ = {isa = PBXBuildFile; fileRef = 7D3D39D71A6F086F00A44CB2 /* LaunchScreen.xib */; };
		7D3D39E51A6F087000A44CB2 /* PatchrTests.swift in Sources */ = {isa = PBXBuildFile; fileRef = 7D3D39E41A6F087000A44CB2 /* PatchrTests.swift */; };
		7D3D39F01A6F116E00A44CB2 /* ProxibaseAPI.swift in Sources */ = {isa = PBXBuildFile; fileRef = 7D3D39EF1A6F116E00A44CB2 /* ProxibaseAPI.swift */; };
		7D3F26D31A76F77E0015F8E8 /* _Location.m in Sources */ = {isa = PBXBuildFile; fileRef = 7D3F26CC1A76F77E0015F8E8 /* _Location.m */; };
		7D3F26D41A76F77E0015F8E8 /* _Photo.m in Sources */ = {isa = PBXBuildFile; fileRef = 7D3F26CE1A76F77E0015F8E8 /* _Photo.m */; };
		7D3F26D51A76F77E0015F8E8 /* Location.m in Sources */ = {isa = PBXBuildFile; fileRef = 7D3F26D01A76F77E0015F8E8 /* Location.m */; };
		7D3F26D61A76F77E0015F8E8 /* Photo.m in Sources */ = {isa = PBXBuildFile; fileRef = 7D3F26D21A76F77E0015F8E8 /* Photo.m */; };
		7D3F26DB1A7706610015F8E8 /* _Notification.m in Sources */ = {isa = PBXBuildFile; fileRef = 7D3F26D81A7706610015F8E8 /* _Notification.m */; };
		7D3F26DC1A7706610015F8E8 /* Notification.m in Sources */ = {isa = PBXBuildFile; fileRef = 7D3F26DA1A7706610015F8E8 /* Notification.m */; };
		7D40B9401A7816C400F9954C /* ServiceData.m in Sources */ = {isa = PBXBuildFile; fileRef = 7D40B93F1A7816C400F9954C /* ServiceData.m */; };
		7D40B9421A7864A000F9954C /* NotificationsTableViewController.swift in Sources */ = {isa = PBXBuildFile; fileRef = 7D40B9411A7864A000F9954C /* NotificationsTableViewController.swift */; };
		7D40B94A1A79A36D00F9954C /* _PACategory.m in Sources */ = {isa = PBXBuildFile; fileRef = 7D40B9471A79A36D00F9954C /* _PACategory.m */; };
		7D40B94B1A79A36D00F9954C /* PACategory.m in Sources */ = {isa = PBXBuildFile; fileRef = 7D40B9491A79A36D00F9954C /* PACategory.m */; };
		7D40B9501A79A6FD00F9954C /* _ProviderMap.m in Sources */ = {isa = PBXBuildFile; fileRef = 7D40B94D1A79A6FD00F9954C /* _ProviderMap.m */; };
		7D40B9511A79A6FD00F9954C /* ProviderMap.m in Sources */ = {isa = PBXBuildFile; fileRef = 7D40B94F1A79A6FD00F9954C /* ProviderMap.m */; };
		7D40B9531A79AB0200F9954C /* NearbyPatchesTableViewController.swift in Sources */ = {isa = PBXBuildFile; fileRef = 7D40B9521A79AB0200F9954C /* NearbyPatchesTableViewController.swift */; };
		7D56EE8B1A70616500BFCC32 /* SwiftyJSON.swift in Sources */ = {isa = PBXBuildFile; fileRef = 7D01FA3A1A705D8700DD6DFA /* SwiftyJSON.swift */; };
		7D56EE8C1A70617200BFCC32 /* SwiftyJSON.swift in Sources */ = {isa = PBXBuildFile; fileRef = 7D01FA3A1A705D8700DD6DFA /* SwiftyJSON.swift */; };
		7D56EE8D1A70618800BFCC32 /* ProxibaseAPI.swift in Sources */ = {isa = PBXBuildFile; fileRef = 7D3D39EF1A6F116E00A44CB2 /* ProxibaseAPI.swift */; };
		7D668A991A9C08DC005EDAF8 /* PatchTableViewCell.swift in Sources */ = {isa = PBXBuildFile; fileRef = 7D668A971A9C08DC005EDAF8 /* PatchTableViewCell.swift */; };
		7D668A9A1A9C08DC005EDAF8 /* PatchTableViewCell.xib in Resources */ = {isa = PBXBuildFile; fileRef = 7D668A981A9C08DC005EDAF8 /* PatchTableViewCell.xib */; };
		7D6E26471A7AB93F000128A7 /* MeTableViewViewController.swift in Sources */ = {isa = PBXBuildFile; fileRef = 7D6E26461A7AB93F000128A7 /* MeTableViewViewController.swift */; };
		7D6E264D1A7AEE91000128A7 /* ExploreTableViewController.swift in Sources */ = {isa = PBXBuildFile; fileRef = 7D6E264C1A7AEE91000128A7 /* ExploreTableViewController.swift */; };
		7D7095D71A71BE3200F835C4 /* FetchControllerDelegate.swift in Sources */ = {isa = PBXBuildFile; fileRef = 7D7095D61A71BE3200F835C4 /* FetchControllerDelegate.swift */; };
		7D7096011A71D55C00F835C4 /* _QueryResult.m in Sources */ = {isa = PBXBuildFile; fileRef = 7D7095FE1A71D55C00F835C4 /* _QueryResult.m */; };
		7D7096021A71D55C00F835C4 /* QueryResult.m in Sources */ = {isa = PBXBuildFile; fileRef = 7D7096001A71D55C00F835C4 /* QueryResult.m */; };
		7D77FC7F1AAA2E0C00AA8284 /* FetchedResultsMapViewController.swift in Sources */ = {isa = PBXBuildFile; fileRef = 7D77FC7D1AAA2E0C00AA8284 /* FetchedResultsMapViewController.swift */; };
		7D9C9E3D1A9BAFCE0069E332 /* PatchDetailViewController.swift in Sources */ = {isa = PBXBuildFile; fileRef = 7D9C9E3C1A9BAFCE0069E332 /* PatchDetailViewController.swift */; };
		7DA3D9121A72D5A60082D2AB /* DataStore.swift in Sources */ = {isa = PBXBuildFile; fileRef = 7DA3D9111A72D5A60082D2AB /* DataStore.swift */; };
		7DA7306A1A70714C008C25FA /* JSONResponseSerializerWithData.m in Sources */ = {isa = PBXBuildFile; fileRef = 7D01FA351A7024E200DD6DFA /* JSONResponseSerializerWithData.m */; };
		7DA7306D1A71A0EE008C25FA /* Model.xcdatamodeld in Sources */ = {isa = PBXBuildFile; fileRef = 7DA7306B1A71A0EE008C25FA /* Model.xcdatamodeld */; };
		7DA730891A71ACC9008C25FA /* _Entity.m in Sources */ = {isa = PBXBuildFile; fileRef = 7DA730721A71ACC9008C25FA /* _Entity.m */; };
		7DA7308A1A71ACC9008C25FA /* _Patch.m in Sources */ = {isa = PBXBuildFile; fileRef = 7DA730741A71ACC9008C25FA /* _Patch.m */; };
		7DA7308B1A71ACC9008C25FA /* _Place.m in Sources */ = {isa = PBXBuildFile; fileRef = 7DA730761A71ACC9008C25FA /* _Place.m */; };
		7DA7308C1A71ACC9008C25FA /* _Query.m in Sources */ = {isa = PBXBuildFile; fileRef = 7DA730781A71ACC9008C25FA /* _Query.m */; };
		7DA7308D1A71ACC9008C25FA /* _ServiceBase.m in Sources */ = {isa = PBXBuildFile; fileRef = 7DA7307A1A71ACC9008C25FA /* _ServiceBase.m */; };
		7DA7308E1A71ACC9008C25FA /* _ServiceObject.m in Sources */ = {isa = PBXBuildFile; fileRef = 7DA7307C1A71ACC9008C25FA /* _ServiceObject.m */; };
		7DA7308F1A71ACC9008C25FA /* Entity.m in Sources */ = {isa = PBXBuildFile; fileRef = 7DA7307E1A71ACC9008C25FA /* Entity.m */; };
		7DA730901A71ACC9008C25FA /* Patch.m in Sources */ = {isa = PBXBuildFile; fileRef = 7DA730801A71ACC9008C25FA /* Patch.m */; };
		7DA730911A71ACC9008C25FA /* Place.m in Sources */ = {isa = PBXBuildFile; fileRef = 7DA730821A71ACC9008C25FA /* Place.m */; };
		7DA730921A71ACC9008C25FA /* Query.m in Sources */ = {isa = PBXBuildFile; fileRef = 7DA730841A71ACC9008C25FA /* Query.m */; };
		7DA730931A71ACC9008C25FA /* ServiceBase.m in Sources */ = {isa = PBXBuildFile; fileRef = 7DA730861A71ACC9008C25FA /* ServiceBase.m */; };
		7DA730941A71ACC9008C25FA /* ServiceObject.m in Sources */ = {isa = PBXBuildFile; fileRef = 7DA730881A71ACC9008C25FA /* ServiceObject.m */; };
		7DA730961A71B962008C25FA /* QueryResultTableViewController.swift in Sources */ = {isa = PBXBuildFile; fileRef = 7DA730951A71B962008C25FA /* QueryResultTableViewController.swift */; };
		7DB6E0F81A8174E90017A42F /* _Message.m in Sources */ = {isa = PBXBuildFile; fileRef = 7DB6E0F51A8174E90017A42F /* _Message.m */; };
		7DB6E0F91A8174E90017A42F /* Message.m in Sources */ = {isa = PBXBuildFile; fileRef = 7DB6E0F71A8174E90017A42F /* Message.m */; };
		7DB6E0FE1A8177060017A42F /* _User.m in Sources */ = {isa = PBXBuildFile; fileRef = 7DB6E0FB1A8177060017A42F /* _User.m */; };
		7DB6E0FF1A8177060017A42F /* User.m in Sources */ = {isa = PBXBuildFile; fileRef = 7DB6E0FD1A8177060017A42F /* User.m */; };
		7DC9D4911A9D46D100234E3C /* RegistrationTableViewController.swift in Sources */ = {isa = PBXBuildFile; fileRef = 7DC9D4901A9D46D100234E3C /* RegistrationTableViewController.swift */; };
		7DC9D4941A9D4FAD00234E3C /* NotificationTableViewCell.swift in Sources */ = {isa = PBXBuildFile; fileRef = 7DC9D4921A9D4FAD00234E3C /* NotificationTableViewCell.swift */; };
		7DC9D4951A9D4FAD00234E3C /* NotificationTableViewCell.xib in Resources */ = {isa = PBXBuildFile; fileRef = 7DC9D4931A9D4FAD00234E3C /* NotificationTableViewCell.xib */; };
		7DC9D49A1A9D597400234E3C /* AutoSizingLabel.m in Sources */ = {isa = PBXBuildFile; fileRef = 7DC9D4991A9D597400234E3C /* AutoSizingLabel.m */; };
		7DE975EB1AA7D69500C1ECE9 /* FetchedResultsTableViewController.swift in Sources */ = {isa = PBXBuildFile; fileRef = 7DE975EA1AA7D69500C1ECE9 /* FetchedResultsTableViewController.swift */; };
		7DE975EE1AA7F72400C1ECE9 /* ModelUtilities.m in Sources */ = {isa = PBXBuildFile; fileRef = 7DE975ED1AA7F72400C1ECE9 /* ModelUtilities.m */; };
		842CF7591AAA73550078334A /* Utilities.swift in Sources */ = {isa = PBXBuildFile; fileRef = 84EF12AB1AA904700043EBBA /* Utilities.swift */; };
		844D6E351AA4D01200EE71ED /* DebugViewController.swift in Sources */ = {isa = PBXBuildFile; fileRef = 844D6E341AA4D01200EE71ED /* DebugViewController.swift */; };
		844D6E371AA6550400EE71ED /* PhotoChooserUI.swift in Sources */ = {isa = PBXBuildFile; fileRef = 844D6E361AA6550400EE71ED /* PhotoChooserUI.swift */; };
		8468F81C1A9D095E007D6EE6 /* CreatePatchViewController.swift in Sources */ = {isa = PBXBuildFile; fileRef = 8468F81B1A9D095E007D6EE6 /* CreatePatchViewController.swift */; };
		8468F81F1A9D09D1007D6EE6 /* Localizable.strings in Resources */ = {isa = PBXBuildFile; fileRef = 8468F8211A9D09D1007D6EE6 /* Localizable.strings */; };
		84EF12AC1AA904700043EBBA /* Utilities.swift in Sources */ = {isa = PBXBuildFile; fileRef = 84EF12AB1AA904700043EBBA /* Utilities.swift */; };
/* End PBXBuildFile section */

/* Begin PBXContainerItemProxy section */
		7D3D39DF1A6F087000A44CB2 /* PBXContainerItemProxy */ = {
			isa = PBXContainerItemProxy;
			containerPortal = 7D3D39C11A6F086F00A44CB2 /* Project object */;
			proxyType = 1;
			remoteGlobalIDString = 7D3D39C81A6F086F00A44CB2;
			remoteInfo = Patchr;
		};
/* End PBXContainerItemProxy section */

/* Begin PBXFileReference section */
		1F32235EEBEB15B7E011D5E4 /* Pods-PatchrTests.debug.xcconfig */ = {isa = PBXFileReference; includeInIndex = 1; lastKnownFileType = text.xcconfig; name = "Pods-PatchrTests.debug.xcconfig"; path = "Pods/Target Support Files/Pods-PatchrTests/Pods-PatchrTests.debug.xcconfig"; sourceTree = "<group>"; };
		3B36067AA93A3B743CFCA837 /* libPods-Patchr.a */ = {isa = PBXFileReference; explicitFileType = archive.ar; includeInIndex = 0; path = "libPods-Patchr.a"; sourceTree = BUILT_PRODUCTS_DIR; };
		3B8381B98B66335E158CEC99 /* libPods-PatchrTests.a */ = {isa = PBXFileReference; explicitFileType = archive.ar; includeInIndex = 0; path = "libPods-PatchrTests.a"; sourceTree = BUILT_PRODUCTS_DIR; };
		7D01FA341A7024E200DD6DFA /* JSONResponseSerializerWithData.h */ = {isa = PBXFileReference; fileEncoding = 4; lastKnownFileType = sourcecode.c.h; path = JSONResponseSerializerWithData.h; sourceTree = "<group>"; };
		7D01FA351A7024E200DD6DFA /* JSONResponseSerializerWithData.m */ = {isa = PBXFileReference; fileEncoding = 4; lastKnownFileType = sourcecode.c.objc; path = JSONResponseSerializerWithData.m; sourceTree = "<group>"; };
		7D01FA3A1A705D8700DD6DFA /* SwiftyJSON.swift */ = {isa = PBXFileReference; fileEncoding = 4; lastKnownFileType = sourcecode.swift; path = SwiftyJSON.swift; sourceTree = "<group>"; };
		7D021ABD1A9409450047DAAE /* SignInTableViewController.swift */ = {isa = PBXFileReference; fileEncoding = 4; lastKnownFileType = sourcecode.swift; path = SignInTableViewController.swift; sourceTree = "<group>"; };
		7D021AC11A9423080047DAAE /* SplashViewController.swift */ = {isa = PBXFileReference; fileEncoding = 4; lastKnownFileType = sourcecode.swift; path = SplashViewController.swift; sourceTree = "<group>"; };
		7D03C3D61A980D9400BAFD19 /* MapKit.framework */ = {isa = PBXFileReference; lastKnownFileType = wrapper.framework; name = MapKit.framework; path = System/Library/Frameworks/MapKit.framework; sourceTree = SDKROOT; };
		7D0BAD4B1A96CEB0002E602D /* MainTabBarController.swift */ = {isa = PBXFileReference; fileEncoding = 4; lastKnownFileType = sourcecode.swift; path = MainTabBarController.swift; sourceTree = "<group>"; };
		7D3D39C91A6F086F00A44CB2 /* Patchr.app */ = {isa = PBXFileReference; explicitFileType = wrapper.application; includeInIndex = 0; path = Patchr.app; sourceTree = BUILT_PRODUCTS_DIR; };
		7D3D39CD1A6F086F00A44CB2 /* Info.plist */ = {isa = PBXFileReference; lastKnownFileType = text.plist.xml; path = Info.plist; sourceTree = "<group>"; };
		7D3D39CE1A6F086F00A44CB2 /* AppDelegate.swift */ = {isa = PBXFileReference; lastKnownFileType = sourcecode.swift; path = AppDelegate.swift; sourceTree = "<group>"; };
		7D3D39D31A6F086F00A44CB2 /* Base */ = {isa = PBXFileReference; lastKnownFileType = file.storyboard; name = Base; path = Base.lproj/Main.storyboard; sourceTree = "<group>"; };
		7D3D39D51A6F086F00A44CB2 /* Images.xcassets */ = {isa = PBXFileReference; lastKnownFileType = folder.assetcatalog; path = Images.xcassets; sourceTree = "<group>"; };
		7D3D39D81A6F086F00A44CB2 /* Base */ = {isa = PBXFileReference; lastKnownFileType = file.xib; name = Base; path = Base.lproj/LaunchScreen.xib; sourceTree = "<group>"; };
		7D3D39DE1A6F087000A44CB2 /* PatchrTests.xctest */ = {isa = PBXFileReference; explicitFileType = wrapper.cfbundle; includeInIndex = 0; path = PatchrTests.xctest; sourceTree = BUILT_PRODUCTS_DIR; };
		7D3D39E31A6F087000A44CB2 /* Info.plist */ = {isa = PBXFileReference; lastKnownFileType = text.plist.xml; path = Info.plist; sourceTree = "<group>"; };
		7D3D39E41A6F087000A44CB2 /* PatchrTests.swift */ = {isa = PBXFileReference; lastKnownFileType = sourcecode.swift; path = PatchrTests.swift; sourceTree = "<group>"; };
		7D3D39EE1A6F09CC00A44CB2 /* BridgingHeader.h */ = {isa = PBXFileReference; lastKnownFileType = sourcecode.c.h; path = BridgingHeader.h; sourceTree = "<group>"; };
		7D3D39EF1A6F116E00A44CB2 /* ProxibaseAPI.swift */ = {isa = PBXFileReference; fileEncoding = 4; lastKnownFileType = sourcecode.swift; path = ProxibaseAPI.swift; sourceTree = "<group>"; };
		7D3F26CB1A76F77E0015F8E8 /* _Location.h */ = {isa = PBXFileReference; fileEncoding = 4; lastKnownFileType = sourcecode.c.h; name = _Location.h; path = Model/_Location.h; sourceTree = "<group>"; };
		7D3F26CC1A76F77E0015F8E8 /* _Location.m */ = {isa = PBXFileReference; fileEncoding = 4; lastKnownFileType = sourcecode.c.objc; name = _Location.m; path = Model/_Location.m; sourceTree = "<group>"; };
		7D3F26CD1A76F77E0015F8E8 /* _Photo.h */ = {isa = PBXFileReference; fileEncoding = 4; lastKnownFileType = sourcecode.c.h; name = _Photo.h; path = Model/_Photo.h; sourceTree = "<group>"; };
		7D3F26CE1A76F77E0015F8E8 /* _Photo.m */ = {isa = PBXFileReference; fileEncoding = 4; lastKnownFileType = sourcecode.c.objc; name = _Photo.m; path = Model/_Photo.m; sourceTree = "<group>"; };
		7D3F26CF1A76F77E0015F8E8 /* Location.h */ = {isa = PBXFileReference; fileEncoding = 4; lastKnownFileType = sourcecode.c.h; name = Location.h; path = Model/Location.h; sourceTree = "<group>"; };
		7D3F26D01A76F77E0015F8E8 /* Location.m */ = {isa = PBXFileReference; fileEncoding = 4; lastKnownFileType = sourcecode.c.objc; name = Location.m; path = Model/Location.m; sourceTree = "<group>"; };
		7D3F26D11A76F77E0015F8E8 /* Photo.h */ = {isa = PBXFileReference; fileEncoding = 4; lastKnownFileType = sourcecode.c.h; name = Photo.h; path = Model/Photo.h; sourceTree = "<group>"; };
		7D3F26D21A76F77E0015F8E8 /* Photo.m */ = {isa = PBXFileReference; fileEncoding = 4; lastKnownFileType = sourcecode.c.objc; name = Photo.m; path = Model/Photo.m; sourceTree = "<group>"; };
		7D3F26D71A7706610015F8E8 /* _Notification.h */ = {isa = PBXFileReference; fileEncoding = 4; lastKnownFileType = sourcecode.c.h; name = _Notification.h; path = Model/_Notification.h; sourceTree = "<group>"; };
		7D3F26D81A7706610015F8E8 /* _Notification.m */ = {isa = PBXFileReference; fileEncoding = 4; lastKnownFileType = sourcecode.c.objc; name = _Notification.m; path = Model/_Notification.m; sourceTree = "<group>"; };
		7D3F26D91A7706610015F8E8 /* Notification.h */ = {isa = PBXFileReference; fileEncoding = 4; lastKnownFileType = sourcecode.c.h; name = Notification.h; path = Model/Notification.h; sourceTree = "<group>"; };
		7D3F26DA1A7706610015F8E8 /* Notification.m */ = {isa = PBXFileReference; fileEncoding = 4; lastKnownFileType = sourcecode.c.objc; name = Notification.m; path = Model/Notification.m; sourceTree = "<group>"; };
		7D40B93E1A7816C400F9954C /* ServiceData.h */ = {isa = PBXFileReference; fileEncoding = 4; lastKnownFileType = sourcecode.c.h; name = ServiceData.h; path = Model/ServiceData.h; sourceTree = "<group>"; };
		7D40B93F1A7816C400F9954C /* ServiceData.m */ = {isa = PBXFileReference; fileEncoding = 4; lastKnownFileType = sourcecode.c.objc; name = ServiceData.m; path = Model/ServiceData.m; sourceTree = "<group>"; };
		7D40B9411A7864A000F9954C /* NotificationsTableViewController.swift */ = {isa = PBXFileReference; fileEncoding = 4; lastKnownFileType = sourcecode.swift; path = NotificationsTableViewController.swift; sourceTree = "<group>"; };
		7D40B9461A79A36D00F9954C /* _PACategory.h */ = {isa = PBXFileReference; fileEncoding = 4; lastKnownFileType = sourcecode.c.h; name = _PACategory.h; path = Model/_PACategory.h; sourceTree = "<group>"; };
		7D40B9471A79A36D00F9954C /* _PACategory.m */ = {isa = PBXFileReference; fileEncoding = 4; lastKnownFileType = sourcecode.c.objc; name = _PACategory.m; path = Model/_PACategory.m; sourceTree = "<group>"; };
		7D40B9481A79A36D00F9954C /* PACategory.h */ = {isa = PBXFileReference; fileEncoding = 4; lastKnownFileType = sourcecode.c.h; name = PACategory.h; path = Model/PACategory.h; sourceTree = "<group>"; };
		7D40B9491A79A36D00F9954C /* PACategory.m */ = {isa = PBXFileReference; fileEncoding = 4; lastKnownFileType = sourcecode.c.objc; name = PACategory.m; path = Model/PACategory.m; sourceTree = "<group>"; };
		7D40B94C1A79A6FD00F9954C /* _ProviderMap.h */ = {isa = PBXFileReference; fileEncoding = 4; lastKnownFileType = sourcecode.c.h; name = _ProviderMap.h; path = Model/_ProviderMap.h; sourceTree = "<group>"; };
		7D40B94D1A79A6FD00F9954C /* _ProviderMap.m */ = {isa = PBXFileReference; fileEncoding = 4; lastKnownFileType = sourcecode.c.objc; name = _ProviderMap.m; path = Model/_ProviderMap.m; sourceTree = "<group>"; };
		7D40B94E1A79A6FD00F9954C /* ProviderMap.h */ = {isa = PBXFileReference; fileEncoding = 4; lastKnownFileType = sourcecode.c.h; name = ProviderMap.h; path = Model/ProviderMap.h; sourceTree = "<group>"; };
		7D40B94F1A79A6FD00F9954C /* ProviderMap.m */ = {isa = PBXFileReference; fileEncoding = 4; lastKnownFileType = sourcecode.c.objc; name = ProviderMap.m; path = Model/ProviderMap.m; sourceTree = "<group>"; };
		7D40B9521A79AB0200F9954C /* NearbyPatchesTableViewController.swift */ = {isa = PBXFileReference; fileEncoding = 4; lastKnownFileType = sourcecode.swift; path = NearbyPatchesTableViewController.swift; sourceTree = "<group>"; };
		7D668A971A9C08DC005EDAF8 /* PatchTableViewCell.swift */ = {isa = PBXFileReference; fileEncoding = 4; lastKnownFileType = sourcecode.swift; path = PatchTableViewCell.swift; sourceTree = "<group>"; };
		7D668A981A9C08DC005EDAF8 /* PatchTableViewCell.xib */ = {isa = PBXFileReference; fileEncoding = 4; lastKnownFileType = file.xib; path = PatchTableViewCell.xib; sourceTree = "<group>"; };
		7D6E26461A7AB93F000128A7 /* MeTableViewViewController.swift */ = {isa = PBXFileReference; fileEncoding = 4; lastKnownFileType = sourcecode.swift; path = MeTableViewViewController.swift; sourceTree = "<group>"; };
		7D6E264C1A7AEE91000128A7 /* ExploreTableViewController.swift */ = {isa = PBXFileReference; fileEncoding = 4; lastKnownFileType = sourcecode.swift; path = ExploreTableViewController.swift; sourceTree = "<group>"; };
		7D7095D61A71BE3200F835C4 /* FetchControllerDelegate.swift */ = {isa = PBXFileReference; fileEncoding = 4; lastKnownFileType = sourcecode.swift; path = FetchControllerDelegate.swift; sourceTree = "<group>"; };
		7D7095FD1A71D55C00F835C4 /* _QueryResult.h */ = {isa = PBXFileReference; fileEncoding = 4; lastKnownFileType = sourcecode.c.h; name = _QueryResult.h; path = Model/_QueryResult.h; sourceTree = "<group>"; };
		7D7095FE1A71D55C00F835C4 /* _QueryResult.m */ = {isa = PBXFileReference; fileEncoding = 4; lastKnownFileType = sourcecode.c.objc; name = _QueryResult.m; path = Model/_QueryResult.m; sourceTree = "<group>"; };
		7D7095FF1A71D55C00F835C4 /* QueryResult.h */ = {isa = PBXFileReference; fileEncoding = 4; lastKnownFileType = sourcecode.c.h; name = QueryResult.h; path = Model/QueryResult.h; sourceTree = "<group>"; };
		7D7096001A71D55C00F835C4 /* QueryResult.m */ = {isa = PBXFileReference; fileEncoding = 4; lastKnownFileType = sourcecode.c.objc; name = QueryResult.m; path = Model/QueryResult.m; sourceTree = "<group>"; };
		7D77FC7D1AAA2E0C00AA8284 /* FetchedResultsMapViewController.swift */ = {isa = PBXFileReference; fileEncoding = 4; lastKnownFileType = sourcecode.swift; path = FetchedResultsMapViewController.swift; sourceTree = "<group>"; };
		7D77FC801AAA313C00AA8284 /* CoreLocation.framework */ = {isa = PBXFileReference; lastKnownFileType = wrapper.framework; name = CoreLocation.framework; path = System/Library/Frameworks/CoreLocation.framework; sourceTree = SDKROOT; };
		7D9C9E3C1A9BAFCE0069E332 /* PatchDetailViewController.swift */ = {isa = PBXFileReference; fileEncoding = 4; lastKnownFileType = sourcecode.swift; path = PatchDetailViewController.swift; sourceTree = "<group>"; };
		7DA3D9111A72D5A60082D2AB /* DataStore.swift */ = {isa = PBXFileReference; fileEncoding = 4; lastKnownFileType = sourcecode.swift; path = DataStore.swift; sourceTree = "<group>"; };
		7DA7306C1A71A0EE008C25FA /* Model.xcdatamodel */ = {isa = PBXFileReference; lastKnownFileType = wrapper.xcdatamodel; path = Model.xcdatamodel; sourceTree = "<group>"; };
		7DA730711A71ACC9008C25FA /* _Entity.h */ = {isa = PBXFileReference; fileEncoding = 4; lastKnownFileType = sourcecode.c.h; name = _Entity.h; path = Model/_Entity.h; sourceTree = "<group>"; };
		7DA730721A71ACC9008C25FA /* _Entity.m */ = {isa = PBXFileReference; fileEncoding = 4; lastKnownFileType = sourcecode.c.objc; name = _Entity.m; path = Model/_Entity.m; sourceTree = "<group>"; };
		7DA730731A71ACC9008C25FA /* _Patch.h */ = {isa = PBXFileReference; fileEncoding = 4; lastKnownFileType = sourcecode.c.h; name = _Patch.h; path = Model/_Patch.h; sourceTree = "<group>"; };
		7DA730741A71ACC9008C25FA /* _Patch.m */ = {isa = PBXFileReference; fileEncoding = 4; lastKnownFileType = sourcecode.c.objc; name = _Patch.m; path = Model/_Patch.m; sourceTree = "<group>"; };
		7DA730751A71ACC9008C25FA /* _Place.h */ = {isa = PBXFileReference; fileEncoding = 4; lastKnownFileType = sourcecode.c.h; name = _Place.h; path = Model/_Place.h; sourceTree = "<group>"; };
		7DA730761A71ACC9008C25FA /* _Place.m */ = {isa = PBXFileReference; fileEncoding = 4; lastKnownFileType = sourcecode.c.objc; name = _Place.m; path = Model/_Place.m; sourceTree = "<group>"; };
		7DA730771A71ACC9008C25FA /* _Query.h */ = {isa = PBXFileReference; fileEncoding = 4; lastKnownFileType = sourcecode.c.h; name = _Query.h; path = Model/_Query.h; sourceTree = "<group>"; };
		7DA730781A71ACC9008C25FA /* _Query.m */ = {isa = PBXFileReference; fileEncoding = 4; lastKnownFileType = sourcecode.c.objc; name = _Query.m; path = Model/_Query.m; sourceTree = "<group>"; };
		7DA730791A71ACC9008C25FA /* _ServiceBase.h */ = {isa = PBXFileReference; fileEncoding = 4; lastKnownFileType = sourcecode.c.h; name = _ServiceBase.h; path = Model/_ServiceBase.h; sourceTree = "<group>"; };
		7DA7307A1A71ACC9008C25FA /* _ServiceBase.m */ = {isa = PBXFileReference; fileEncoding = 4; lastKnownFileType = sourcecode.c.objc; name = _ServiceBase.m; path = Model/_ServiceBase.m; sourceTree = "<group>"; };
		7DA7307B1A71ACC9008C25FA /* _ServiceObject.h */ = {isa = PBXFileReference; fileEncoding = 4; lastKnownFileType = sourcecode.c.h; name = _ServiceObject.h; path = Model/_ServiceObject.h; sourceTree = "<group>"; };
		7DA7307C1A71ACC9008C25FA /* _ServiceObject.m */ = {isa = PBXFileReference; fileEncoding = 4; lastKnownFileType = sourcecode.c.objc; name = _ServiceObject.m; path = Model/_ServiceObject.m; sourceTree = "<group>"; };
		7DA7307D1A71ACC9008C25FA /* Entity.h */ = {isa = PBXFileReference; fileEncoding = 4; lastKnownFileType = sourcecode.c.h; name = Entity.h; path = Model/Entity.h; sourceTree = "<group>"; };
		7DA7307E1A71ACC9008C25FA /* Entity.m */ = {isa = PBXFileReference; fileEncoding = 4; lastKnownFileType = sourcecode.c.objc; name = Entity.m; path = Model/Entity.m; sourceTree = "<group>"; };
		7DA7307F1A71ACC9008C25FA /* Patch.h */ = {isa = PBXFileReference; fileEncoding = 4; lastKnownFileType = sourcecode.c.h; name = Patch.h; path = Model/Patch.h; sourceTree = "<group>"; };
		7DA730801A71ACC9008C25FA /* Patch.m */ = {isa = PBXFileReference; fileEncoding = 4; lastKnownFileType = sourcecode.c.objc; name = Patch.m; path = Model/Patch.m; sourceTree = "<group>"; };
		7DA730811A71ACC9008C25FA /* Place.h */ = {isa = PBXFileReference; fileEncoding = 4; lastKnownFileType = sourcecode.c.h; name = Place.h; path = Model/Place.h; sourceTree = "<group>"; };
		7DA730821A71ACC9008C25FA /* Place.m */ = {isa = PBXFileReference; fileEncoding = 4; lastKnownFileType = sourcecode.c.objc; name = Place.m; path = Model/Place.m; sourceTree = "<group>"; };
		7DA730831A71ACC9008C25FA /* Query.h */ = {isa = PBXFileReference; fileEncoding = 4; lastKnownFileType = sourcecode.c.h; name = Query.h; path = Model/Query.h; sourceTree = "<group>"; };
		7DA730841A71ACC9008C25FA /* Query.m */ = {isa = PBXFileReference; fileEncoding = 4; lastKnownFileType = sourcecode.c.objc; name = Query.m; path = Model/Query.m; sourceTree = "<group>"; };
		7DA730851A71ACC9008C25FA /* ServiceBase.h */ = {isa = PBXFileReference; fileEncoding = 4; lastKnownFileType = sourcecode.c.h; name = ServiceBase.h; path = Model/ServiceBase.h; sourceTree = "<group>"; };
		7DA730861A71ACC9008C25FA /* ServiceBase.m */ = {isa = PBXFileReference; fileEncoding = 4; lastKnownFileType = sourcecode.c.objc; name = ServiceBase.m; path = Model/ServiceBase.m; sourceTree = "<group>"; };
		7DA730871A71ACC9008C25FA /* ServiceObject.h */ = {isa = PBXFileReference; fileEncoding = 4; lastKnownFileType = sourcecode.c.h; name = ServiceObject.h; path = Model/ServiceObject.h; sourceTree = "<group>"; };
		7DA730881A71ACC9008C25FA /* ServiceObject.m */ = {isa = PBXFileReference; fileEncoding = 4; lastKnownFileType = sourcecode.c.objc; name = ServiceObject.m; path = Model/ServiceObject.m; sourceTree = "<group>"; };
		7DA730951A71B962008C25FA /* QueryResultTableViewController.swift */ = {isa = PBXFileReference; fileEncoding = 4; lastKnownFileType = sourcecode.swift; path = QueryResultTableViewController.swift; sourceTree = "<group>"; };
		7DB6E0F41A8174E90017A42F /* _Message.h */ = {isa = PBXFileReference; fileEncoding = 4; lastKnownFileType = sourcecode.c.h; name = _Message.h; path = Model/_Message.h; sourceTree = "<group>"; };
		7DB6E0F51A8174E90017A42F /* _Message.m */ = {isa = PBXFileReference; fileEncoding = 4; lastKnownFileType = sourcecode.c.objc; name = _Message.m; path = Model/_Message.m; sourceTree = "<group>"; };
		7DB6E0F61A8174E90017A42F /* Message.h */ = {isa = PBXFileReference; fileEncoding = 4; lastKnownFileType = sourcecode.c.h; name = Message.h; path = Model/Message.h; sourceTree = "<group>"; };
		7DB6E0F71A8174E90017A42F /* Message.m */ = {isa = PBXFileReference; fileEncoding = 4; lastKnownFileType = sourcecode.c.objc; name = Message.m; path = Model/Message.m; sourceTree = "<group>"; };
		7DB6E0FA1A8177060017A42F /* _User.h */ = {isa = PBXFileReference; fileEncoding = 4; lastKnownFileType = sourcecode.c.h; name = _User.h; path = Model/_User.h; sourceTree = "<group>"; };
		7DB6E0FB1A8177060017A42F /* _User.m */ = {isa = PBXFileReference; fileEncoding = 4; lastKnownFileType = sourcecode.c.objc; name = _User.m; path = Model/_User.m; sourceTree = "<group>"; };
		7DB6E0FC1A8177060017A42F /* User.h */ = {isa = PBXFileReference; fileEncoding = 4; lastKnownFileType = sourcecode.c.h; name = User.h; path = Model/User.h; sourceTree = "<group>"; };
		7DB6E0FD1A8177060017A42F /* User.m */ = {isa = PBXFileReference; fileEncoding = 4; lastKnownFileType = sourcecode.c.objc; name = User.m; path = Model/User.m; sourceTree = "<group>"; };
		7DC9D4901A9D46D100234E3C /* RegistrationTableViewController.swift */ = {isa = PBXFileReference; fileEncoding = 4; lastKnownFileType = sourcecode.swift; path = RegistrationTableViewController.swift; sourceTree = "<group>"; };
		7DC9D4921A9D4FAD00234E3C /* NotificationTableViewCell.swift */ = {isa = PBXFileReference; fileEncoding = 4; lastKnownFileType = sourcecode.swift; path = NotificationTableViewCell.swift; sourceTree = "<group>"; };
		7DC9D4931A9D4FAD00234E3C /* NotificationTableViewCell.xib */ = {isa = PBXFileReference; fileEncoding = 4; lastKnownFileType = file.xib; path = NotificationTableViewCell.xib; sourceTree = "<group>"; };
		7DC9D4981A9D597400234E3C /* AutoSizingLabel.h */ = {isa = PBXFileReference; fileEncoding = 4; lastKnownFileType = sourcecode.c.h; path = AutoSizingLabel.h; sourceTree = "<group>"; };
		7DC9D4991A9D597400234E3C /* AutoSizingLabel.m */ = {isa = PBXFileReference; fileEncoding = 4; lastKnownFileType = sourcecode.c.objc; path = AutoSizingLabel.m; sourceTree = "<group>"; };
		7DE975EA1AA7D69500C1ECE9 /* FetchedResultsTableViewController.swift */ = {isa = PBXFileReference; fileEncoding = 4; lastKnownFileType = sourcecode.swift; path = FetchedResultsTableViewController.swift; sourceTree = "<group>"; };
		7DE975EC1AA7F72400C1ECE9 /* ModelUtilities.h */ = {isa = PBXFileReference; fileEncoding = 4; lastKnownFileType = sourcecode.c.h; path = ModelUtilities.h; sourceTree = "<group>"; };
		7DE975ED1AA7F72400C1ECE9 /* ModelUtilities.m */ = {isa = PBXFileReference; fileEncoding = 4; lastKnownFileType = sourcecode.c.objc; path = ModelUtilities.m; sourceTree = "<group>"; };
		844D6E341AA4D01200EE71ED /* DebugViewController.swift */ = {isa = PBXFileReference; fileEncoding = 4; lastKnownFileType = sourcecode.swift; path = DebugViewController.swift; sourceTree = "<group>"; };
		844D6E361AA6550400EE71ED /* PhotoChooserUI.swift */ = {isa = PBXFileReference; fileEncoding = 4; lastKnownFileType = sourcecode.swift; path = PhotoChooserUI.swift; sourceTree = "<group>"; };
		8468F81B1A9D095E007D6EE6 /* CreatePatchViewController.swift */ = {isa = PBXFileReference; fileEncoding = 4; lastKnownFileType = sourcecode.swift; path = CreatePatchViewController.swift; sourceTree = "<group>"; };
		8468F8201A9D09D1007D6EE6 /* en */ = {isa = PBXFileReference; lastKnownFileType = text.plist.strings; name = en; path = en.lproj/Localizable.strings; sourceTree = "<group>"; };
		84EF12AB1AA904700043EBBA /* Utilities.swift */ = {isa = PBXFileReference; fileEncoding = 4; lastKnownFileType = sourcecode.swift; path = Utilities.swift; sourceTree = "<group>"; };
		9D5919BEF434463FF4349942 /* libPods.a */ = {isa = PBXFileReference; explicitFileType = archive.ar; includeInIndex = 0; path = libPods.a; sourceTree = BUILT_PRODUCTS_DIR; };
		A80DE63116DE3050C0FEC4EE /* Pods-Patchr.debug.xcconfig */ = {isa = PBXFileReference; includeInIndex = 1; lastKnownFileType = text.xcconfig; name = "Pods-Patchr.debug.xcconfig"; path = "Pods/Target Support Files/Pods-Patchr/Pods-Patchr.debug.xcconfig"; sourceTree = "<group>"; };
		A9B11FC184124D485DAA2948 /* Pods-Patchr.release.xcconfig */ = {isa = PBXFileReference; includeInIndex = 1; lastKnownFileType = text.xcconfig; name = "Pods-Patchr.release.xcconfig"; path = "Pods/Target Support Files/Pods-Patchr/Pods-Patchr.release.xcconfig"; sourceTree = "<group>"; };
		F5B1CF9518B65D4EA512C8F1 /* Pods-PatchrTests.release.xcconfig */ = {isa = PBXFileReference; includeInIndex = 1; lastKnownFileType = text.xcconfig; name = "Pods-PatchrTests.release.xcconfig"; path = "Pods/Target Support Files/Pods-PatchrTests/Pods-PatchrTests.release.xcconfig"; sourceTree = "<group>"; };
/* End PBXFileReference section */

/* Begin PBXFrameworksBuildPhase section */
		7D3D39C61A6F086F00A44CB2 /* Frameworks */ = {
			isa = PBXFrameworksBuildPhase;
			buildActionMask = 2147483647;
			files = (
				7D03C3D71A980D9400BAFD19 /* MapKit.framework in Frameworks */,
				329E8C34AA0DAB5B16518B8A /* libPods-Patchr.a in Frameworks */,
			);
			runOnlyForDeploymentPostprocessing = 0;
		};
		7D3D39DB1A6F087000A44CB2 /* Frameworks */ = {
			isa = PBXFrameworksBuildPhase;
			buildActionMask = 2147483647;
			files = (
				15A28D919EA4F7ED807AE42E /* libPods-PatchrTests.a in Frameworks */,
			);
			runOnlyForDeploymentPostprocessing = 0;
		};
/* End PBXFrameworksBuildPhase section */

/* Begin PBXGroup section */
		25430FC2BE368355CD8C6FAF /* Pods */ = {
			isa = PBXGroup;
			children = (
				A80DE63116DE3050C0FEC4EE /* Pods-Patchr.debug.xcconfig */,
				A9B11FC184124D485DAA2948 /* Pods-Patchr.release.xcconfig */,
				1F32235EEBEB15B7E011D5E4 /* Pods-PatchrTests.debug.xcconfig */,
				F5B1CF9518B65D4EA512C8F1 /* Pods-PatchrTests.release.xcconfig */,
			);
			name = Pods;
			sourceTree = "<group>";
		};
		7D01FA371A705C6600DD6DFA /* Third Party */ = {
			isa = PBXGroup;
			children = (
				7D01FA3A1A705D8700DD6DFA /* SwiftyJSON.swift */,
			);
			name = "Third Party";
			sourceTree = "<group>";
		};
		7D3D39C01A6F086F00A44CB2 = {
			isa = PBXGroup;
			children = (
				7D3D39CB1A6F086F00A44CB2 /* Patchr */,
				7D3D39E11A6F087000A44CB2 /* PatchrTests */,
				7D3D39CA1A6F086F00A44CB2 /* Products */,
				25430FC2BE368355CD8C6FAF /* Pods */,
				A0DA2C2AA90D81631E6BF68D /* Frameworks */,
			);
			sourceTree = "<group>";
		};
		7D3D39CA1A6F086F00A44CB2 /* Products */ = {
			isa = PBXGroup;
			children = (
				7D3D39C91A6F086F00A44CB2 /* Patchr.app */,
				7D3D39DE1A6F087000A44CB2 /* PatchrTests.xctest */,
			);
			name = Products;
			sourceTree = "<group>";
		};
		7D3D39CB1A6F086F00A44CB2 /* Patchr */ = {
			isa = PBXGroup;
			children = (
				7DA730701A71ACA5008C25FA /* Model */,
				7D01FA371A705C6600DD6DFA /* Third Party */,
				7D3D39CE1A6F086F00A44CB2 /* AppDelegate.swift */,
				84EF12AB1AA904700043EBBA /* Utilities.swift */,
				7D3D39EF1A6F116E00A44CB2 /* ProxibaseAPI.swift */,
				8468F81B1A9D095E007D6EE6 /* CreatePatchViewController.swift */,
				844D6E361AA6550400EE71ED /* PhotoChooserUI.swift */,
				844D6E341AA4D01200EE71ED /* DebugViewController.swift */,
				7D3D39D21A6F086F00A44CB2 /* Main.storyboard */,
				7D3D39D51A6F086F00A44CB2 /* Images.xcassets */,
				7D3D39D71A6F086F00A44CB2 /* LaunchScreen.xib */,
				7D3D39EE1A6F09CC00A44CB2 /* BridgingHeader.h */,
				7D3D39CC1A6F086F00A44CB2 /* Supporting Files */,
				7D01FA341A7024E200DD6DFA /* JSONResponseSerializerWithData.h */,
				7D01FA351A7024E200DD6DFA /* JSONResponseSerializerWithData.m */,
				7DA7306B1A71A0EE008C25FA /* Model.xcdatamodeld */,
				7DE975EA1AA7D69500C1ECE9 /* FetchedResultsTableViewController.swift */,
				7D7095D61A71BE3200F835C4 /* FetchControllerDelegate.swift */,
				7D77FC7D1AAA2E0C00AA8284 /* FetchedResultsMapViewController.swift */,
				7DA730951A71B962008C25FA /* QueryResultTableViewController.swift */,
				7DA3D9111A72D5A60082D2AB /* DataStore.swift */,
				7D40B9411A7864A000F9954C /* NotificationsTableViewController.swift */,
				7D40B9521A79AB0200F9954C /* NearbyPatchesTableViewController.swift */,
				7D6E26461A7AB93F000128A7 /* MeTableViewViewController.swift */,
				7D6E264C1A7AEE91000128A7 /* ExploreTableViewController.swift */,
				7D021ABD1A9409450047DAAE /* SignInTableViewController.swift */,
				7D021AC11A9423080047DAAE /* SplashViewController.swift */,
				7D0BAD4B1A96CEB0002E602D /* MainTabBarController.swift */,
				7D9C9E3C1A9BAFCE0069E332 /* PatchDetailViewController.swift */,
				7D668A971A9C08DC005EDAF8 /* PatchTableViewCell.swift */,
				7D668A981A9C08DC005EDAF8 /* PatchTableViewCell.xib */,
				7DC9D4901A9D46D100234E3C /* RegistrationTableViewController.swift */,
				7DC9D4921A9D4FAD00234E3C /* NotificationTableViewCell.swift */,
				7DC9D4931A9D4FAD00234E3C /* NotificationTableViewCell.xib */,
				7DC9D4981A9D597400234E3C /* AutoSizingLabel.h */,
				7DC9D4991A9D597400234E3C /* AutoSizingLabel.m */,
			);
			path = Patchr;
			sourceTree = "<group>";
		};
		7D3D39CC1A6F086F00A44CB2 /* Supporting Files */ = {
			isa = PBXGroup;
			children = (
				8468F8211A9D09D1007D6EE6 /* Localizable.strings */,
				7D3D39CD1A6F086F00A44CB2 /* Info.plist */,
			);
			name = "Supporting Files";
			sourceTree = "<group>";
		};
		7D3D39E11A6F087000A44CB2 /* PatchrTests */ = {
			isa = PBXGroup;
			children = (
				7D3D39E41A6F087000A44CB2 /* PatchrTests.swift */,
				7D3D39E21A6F087000A44CB2 /* Supporting Files */,
			);
			path = PatchrTests;
			sourceTree = "<group>";
		};
		7D3D39E21A6F087000A44CB2 /* Supporting Files */ = {
			isa = PBXGroup;
			children = (
				7D3D39E31A6F087000A44CB2 /* Info.plist */,
			);
			name = "Supporting Files";
			sourceTree = "<group>";
		};
		7DA730701A71ACA5008C25FA /* Model */ = {
			isa = PBXGroup;
			children = (
				7DA730711A71ACC9008C25FA /* _Entity.h */,
				7DA730721A71ACC9008C25FA /* _Entity.m */,
				7D3F26CB1A76F77E0015F8E8 /* _Location.h */,
				7D3F26CC1A76F77E0015F8E8 /* _Location.m */,
				7DB6E0F41A8174E90017A42F /* _Message.h */,
				7DB6E0F51A8174E90017A42F /* _Message.m */,
				7D3F26D71A7706610015F8E8 /* _Notification.h */,
				7D3F26D81A7706610015F8E8 /* _Notification.m */,
				7D40B9461A79A36D00F9954C /* _PACategory.h */,
				7D40B9471A79A36D00F9954C /* _PACategory.m */,
				7DA730731A71ACC9008C25FA /* _Patch.h */,
				7DA730741A71ACC9008C25FA /* _Patch.m */,
				7D3F26CD1A76F77E0015F8E8 /* _Photo.h */,
				7D3F26CE1A76F77E0015F8E8 /* _Photo.m */,
				7DA730751A71ACC9008C25FA /* _Place.h */,
				7DA730761A71ACC9008C25FA /* _Place.m */,
				7D40B94C1A79A6FD00F9954C /* _ProviderMap.h */,
				7D40B94D1A79A6FD00F9954C /* _ProviderMap.m */,
				7DA730771A71ACC9008C25FA /* _Query.h */,
				7DA730781A71ACC9008C25FA /* _Query.m */,
				7D7095FD1A71D55C00F835C4 /* _QueryResult.h */,
				7D7095FE1A71D55C00F835C4 /* _QueryResult.m */,
				7DA730791A71ACC9008C25FA /* _ServiceBase.h */,
				7DA7307A1A71ACC9008C25FA /* _ServiceBase.m */,
				7DA7307B1A71ACC9008C25FA /* _ServiceObject.h */,
				7DA7307C1A71ACC9008C25FA /* _ServiceObject.m */,
				7DB6E0FA1A8177060017A42F /* _User.h */,
				7DB6E0FB1A8177060017A42F /* _User.m */,
				7DA7307D1A71ACC9008C25FA /* Entity.h */,
				7DA7307E1A71ACC9008C25FA /* Entity.m */,
				7D3F26CF1A76F77E0015F8E8 /* Location.h */,
				7D3F26D01A76F77E0015F8E8 /* Location.m */,
				7DB6E0F61A8174E90017A42F /* Message.h */,
				7DB6E0F71A8174E90017A42F /* Message.m */,
				7D3F26D91A7706610015F8E8 /* Notification.h */,
				7D3F26DA1A7706610015F8E8 /* Notification.m */,
				7D40B9481A79A36D00F9954C /* PACategory.h */,
				7D40B9491A79A36D00F9954C /* PACategory.m */,
				7DA7307F1A71ACC9008C25FA /* Patch.h */,
				7DA730801A71ACC9008C25FA /* Patch.m */,
				7D3F26D11A76F77E0015F8E8 /* Photo.h */,
				7D3F26D21A76F77E0015F8E8 /* Photo.m */,
				7DA730811A71ACC9008C25FA /* Place.h */,
				7DA730821A71ACC9008C25FA /* Place.m */,
				7D40B94E1A79A6FD00F9954C /* ProviderMap.h */,
				7D40B94F1A79A6FD00F9954C /* ProviderMap.m */,
				7DA730831A71ACC9008C25FA /* Query.h */,
				7DA730841A71ACC9008C25FA /* Query.m */,
				7D7095FF1A71D55C00F835C4 /* QueryResult.h */,
				7D7096001A71D55C00F835C4 /* QueryResult.m */,
				7DA730851A71ACC9008C25FA /* ServiceBase.h */,
				7DA730861A71ACC9008C25FA /* ServiceBase.m */,
				7D40B93E1A7816C400F9954C /* ServiceData.h */,
				7D40B93F1A7816C400F9954C /* ServiceData.m */,
				7DA730871A71ACC9008C25FA /* ServiceObject.h */,
				7DA730881A71ACC9008C25FA /* ServiceObject.m */,
				7DB6E0FC1A8177060017A42F /* User.h */,
				7DB6E0FD1A8177060017A42F /* User.m */,
				7DE975EC1AA7F72400C1ECE9 /* ModelUtilities.h */,
				7DE975ED1AA7F72400C1ECE9 /* ModelUtilities.m */,
			);
			name = Model;
			sourceTree = "<group>";
		};
		A0DA2C2AA90D81631E6BF68D /* Frameworks */ = {
			isa = PBXGroup;
			children = (
				7D77FC801AAA313C00AA8284 /* CoreLocation.framework */,
				7D03C3D61A980D9400BAFD19 /* MapKit.framework */,
				3B36067AA93A3B743CFCA837 /* libPods-Patchr.a */,
				9D5919BEF434463FF4349942 /* libPods.a */,
				3B8381B98B66335E158CEC99 /* libPods-PatchrTests.a */,
			);
			name = Frameworks;
			sourceTree = "<group>";
		};
/* End PBXGroup section */

/* Begin PBXNativeTarget section */
		7D3D39C81A6F086F00A44CB2 /* Patchr */ = {
			isa = PBXNativeTarget;
			buildConfigurationList = 7D3D39E81A6F087000A44CB2 /* Build configuration list for PBXNativeTarget "Patchr" */;
			buildPhases = (
				7DA7306E1A71A590008C25FA /* Increment Build Number */,
				699A6F582CECDE419129F998 /* Check Pods Manifest.lock */,
				7DA7306F1A71A5D9008C25FA /* Update Model Object Classes */,
				7D3D39C51A6F086F00A44CB2 /* Sources */,
				7D3D39C61A6F086F00A44CB2 /* Frameworks */,
				7D3D39C71A6F086F00A44CB2 /* Resources */,
				A73C0D055776F8D329577BE0 /* Copy Pods Resources */,
			);
			buildRules = (
			);
			dependencies = (
			);
			name = Patchr;
			productName = Patchr;
			productReference = 7D3D39C91A6F086F00A44CB2 /* Patchr.app */;
			productType = "com.apple.product-type.application";
		};
		7D3D39DD1A6F087000A44CB2 /* PatchrTests */ = {
			isa = PBXNativeTarget;
			buildConfigurationList = 7D3D39EB1A6F087000A44CB2 /* Build configuration list for PBXNativeTarget "PatchrTests" */;
			buildPhases = (
				E93A507302B2D732EA6670A7 /* Check Pods Manifest.lock */,
				7D3D39DA1A6F087000A44CB2 /* Sources */,
				7D3D39DB1A6F087000A44CB2 /* Frameworks */,
				7D3D39DC1A6F087000A44CB2 /* Resources */,
				7A4F3C22310D77C5AFEC5024 /* Copy Pods Resources */,
			);
			buildRules = (
			);
			dependencies = (
				7D3D39E01A6F087000A44CB2 /* PBXTargetDependency */,
			);
			name = PatchrTests;
			productName = PatchrTests;
			productReference = 7D3D39DE1A6F087000A44CB2 /* PatchrTests.xctest */;
			productType = "com.apple.product-type.bundle.unit-test";
		};
/* End PBXNativeTarget section */

/* Begin PBXProject section */
		7D3D39C11A6F086F00A44CB2 /* Project object */ = {
			isa = PBXProject;
			attributes = {
				LastUpgradeCheck = 0610;
				ORGANIZATIONNAME = 3meters;
				TargetAttributes = {
					7D3D39C81A6F086F00A44CB2 = {
						CreatedOnToolsVersion = 6.1.1;
						DevelopmentTeam = EGVNGH5K28;
					};
					7D3D39DD1A6F087000A44CB2 = {
						CreatedOnToolsVersion = 6.1.1;
						TestTargetID = 7D3D39C81A6F086F00A44CB2;
					};
				};
			};
			buildConfigurationList = 7D3D39C41A6F086F00A44CB2 /* Build configuration list for PBXProject "Patchr" */;
			compatibilityVersion = "Xcode 3.2";
			developmentRegion = English;
			hasScannedForEncodings = 0;
			knownRegions = (
				en,
				Base,
			);
			mainGroup = 7D3D39C01A6F086F00A44CB2;
			productRefGroup = 7D3D39CA1A6F086F00A44CB2 /* Products */;
			projectDirPath = "";
			projectRoot = "";
			targets = (
				7D3D39C81A6F086F00A44CB2 /* Patchr */,
				7D3D39DD1A6F087000A44CB2 /* PatchrTests */,
			);
		};
/* End PBXProject section */

/* Begin PBXResourcesBuildPhase section */
		7D3D39C71A6F086F00A44CB2 /* Resources */ = {
			isa = PBXResourcesBuildPhase;
			buildActionMask = 2147483647;
			files = (
				7DC9D4951A9D4FAD00234E3C /* NotificationTableViewCell.xib in Resources */,
				8468F81F1A9D09D1007D6EE6 /* Localizable.strings in Resources */,
				7D3D39D41A6F086F00A44CB2 /* Main.storyboard in Resources */,
				7D3D39D91A6F086F00A44CB2 /* LaunchScreen.xib in Resources */,
				7D668A9A1A9C08DC005EDAF8 /* PatchTableViewCell.xib in Resources */,
				7D3D39D61A6F086F00A44CB2 /* Images.xcassets in Resources */,
			);
			runOnlyForDeploymentPostprocessing = 0;
		};
		7D3D39DC1A6F087000A44CB2 /* Resources */ = {
			isa = PBXResourcesBuildPhase;
			buildActionMask = 2147483647;
			files = (
			);
			runOnlyForDeploymentPostprocessing = 0;
		};
/* End PBXResourcesBuildPhase section */

/* Begin PBXShellScriptBuildPhase section */
		699A6F582CECDE419129F998 /* Check Pods Manifest.lock */ = {
			isa = PBXShellScriptBuildPhase;
			buildActionMask = 2147483647;
			files = (
			);
			inputPaths = (
			);
			name = "Check Pods Manifest.lock";
			outputPaths = (
			);
			runOnlyForDeploymentPostprocessing = 0;
			shellPath = /bin/sh;
			shellScript = "diff \"${PODS_ROOT}/../Podfile.lock\" \"${PODS_ROOT}/Manifest.lock\" > /dev/null\nif [[ $? != 0 ]] ; then\n    cat << EOM\nerror: The sandbox is not in sync with the Podfile.lock. Run 'pod install' or update your CocoaPods installation.\nEOM\n    exit 1\nfi\n";
			showEnvVarsInLog = 0;
		};
		7A4F3C22310D77C5AFEC5024 /* Copy Pods Resources */ = {
			isa = PBXShellScriptBuildPhase;
			buildActionMask = 2147483647;
			files = (
			);
			inputPaths = (
			);
			name = "Copy Pods Resources";
			outputPaths = (
			);
			runOnlyForDeploymentPostprocessing = 0;
			shellPath = /bin/sh;
			shellScript = "\"${SRCROOT}/Pods/Target Support Files/Pods-PatchrTests/Pods-PatchrTests-resources.sh\"\n";
			showEnvVarsInLog = 0;
		};
		7DA7306E1A71A590008C25FA /* Increment Build Number */ = {
			isa = PBXShellScriptBuildPhase;
			buildActionMask = 2147483647;
			files = (
			);
			inputPaths = (
			);
			name = "Increment Build Number";
			outputPaths = (
			);
			runOnlyForDeploymentPostprocessing = 0;
			shellPath = /bin/sh;
			shellScript = "echo $CONFIGURATION\nif [ $CONFIGURATION == \"AdHoc\" ] || [ $CONFIGURATION == \"Release\" ]; then\necho \"Bumping build number...\"\nplist=${PROJECT_DIR}/${INFOPLIST_FILE}\n\n# increment the build number\nbuildnum=$(/usr/libexec/PlistBuddy -c \"Print CFBundleVersion\" \"${plist}\")\nif [[ \"${buildnum}\" == \"\" ]]; then\necho \"No build number in $plist\"\nexit 2\nfi\n\nbuildnum=$(expr $buildnum + 1)\n/usr/libexec/Plistbuddy -c \"Set CFBundleVersion $buildnum\" \"${plist}\"\necho \"Bumped build number to $buildnum\"\n\nelse\necho $CONFIGURATION \" build - Not bumping build number.\"\nfi";
		};
		7DA7306F1A71A5D9008C25FA /* Update Model Object Classes */ = {
			isa = PBXShellScriptBuildPhase;
			buildActionMask = 2147483647;
			files = (
			);
			inputPaths = (
			);
			name = "Update Model Object Classes";
			outputPaths = (
			);
			runOnlyForDeploymentPostprocessing = 0;
			shellPath = /bin/sh;
			shellScript = "mogenerator --v2 --model Patchr/Model.xcdatamodeld --human-dir Patchr/Model/ --output-dir Patchr/Model";
		};
		A73C0D055776F8D329577BE0 /* Copy Pods Resources */ = {
			isa = PBXShellScriptBuildPhase;
			buildActionMask = 2147483647;
			files = (
			);
			inputPaths = (
			);
			name = "Copy Pods Resources";
			outputPaths = (
			);
			runOnlyForDeploymentPostprocessing = 0;
			shellPath = /bin/sh;
			shellScript = "\"${SRCROOT}/Pods/Target Support Files/Pods-Patchr/Pods-Patchr-resources.sh\"\n";
			showEnvVarsInLog = 0;
		};
		E93A507302B2D732EA6670A7 /* Check Pods Manifest.lock */ = {
			isa = PBXShellScriptBuildPhase;
			buildActionMask = 2147483647;
			files = (
			);
			inputPaths = (
			);
			name = "Check Pods Manifest.lock";
			outputPaths = (
			);
			runOnlyForDeploymentPostprocessing = 0;
			shellPath = /bin/sh;
			shellScript = "diff \"${PODS_ROOT}/../Podfile.lock\" \"${PODS_ROOT}/Manifest.lock\" > /dev/null\nif [[ $? != 0 ]] ; then\n    cat << EOM\nerror: The sandbox is not in sync with the Podfile.lock. Run 'pod install' or update your CocoaPods installation.\nEOM\n    exit 1\nfi\n";
			showEnvVarsInLog = 0;
		};
/* End PBXShellScriptBuildPhase section */

/* Begin PBXSourcesBuildPhase section */
		7D3D39C51A6F086F00A44CB2 /* Sources */ = {
			isa = PBXSourcesBuildPhase;
			buildActionMask = 2147483647;
			files = (
				7DB6E0FE1A8177060017A42F /* _User.m in Sources */,
				7DA730911A71ACC9008C25FA /* Place.m in Sources */,
				7D7096011A71D55C00F835C4 /* _QueryResult.m in Sources */,
				7D01FA361A7024E200DD6DFA /* JSONResponseSerializerWithData.m in Sources */,
				7D6E264D1A7AEE91000128A7 /* ExploreTableViewController.swift in Sources */,
				7D3F26D61A76F77E0015F8E8 /* Photo.m in Sources */,
				7D77FC7F1AAA2E0C00AA8284 /* FetchedResultsMapViewController.swift in Sources */,
				7DC9D4911A9D46D100234E3C /* RegistrationTableViewController.swift in Sources */,
				7DA730931A71ACC9008C25FA /* ServiceBase.m in Sources */,
				7DA7308C1A71ACC9008C25FA /* _Query.m in Sources */,
				7D9C9E3D1A9BAFCE0069E332 /* PatchDetailViewController.swift in Sources */,
				7DB6E0F91A8174E90017A42F /* Message.m in Sources */,
				7D40B9421A7864A000F9954C /* NotificationsTableViewController.swift in Sources */,
				7DB6E0FF1A8177060017A42F /* User.m in Sources */,
				7DA730961A71B962008C25FA /* QueryResultTableViewController.swift in Sources */,
				8468F81C1A9D095E007D6EE6 /* CreatePatchViewController.swift in Sources */,
				7DA7308F1A71ACC9008C25FA /* Entity.m in Sources */,
				7DC9D49A1A9D597400234E3C /* AutoSizingLabel.m in Sources */,
				7DA730941A71ACC9008C25FA /* ServiceObject.m in Sources */,
				7DA730901A71ACC9008C25FA /* Patch.m in Sources */,
				7DA7308A1A71ACC9008C25FA /* _Patch.m in Sources */,
				7D021AC21A9423080047DAAE /* SplashViewController.swift in Sources */,
				7DA7308D1A71ACC9008C25FA /* _ServiceBase.m in Sources */,
				7D6E26471A7AB93F000128A7 /* MeTableViewViewController.swift in Sources */,
				7DA730921A71ACC9008C25FA /* Query.m in Sources */,
				7DB6E0F81A8174E90017A42F /* _Message.m in Sources */,
				7D3D39CF1A6F086F00A44CB2 /* AppDelegate.swift in Sources */,
				7D3F26D51A76F77E0015F8E8 /* Location.m in Sources */,
				7DC9D4941A9D4FAD00234E3C /* NotificationTableViewCell.swift in Sources */,
				7D40B9531A79AB0200F9954C /* NearbyPatchesTableViewController.swift in Sources */,
				7D3F26D41A76F77E0015F8E8 /* _Photo.m in Sources */,
				7D40B9511A79A6FD00F9954C /* ProviderMap.m in Sources */,
				7DE975EE1AA7F72400C1ECE9 /* ModelUtilities.m in Sources */,
				7DA7308E1A71ACC9008C25FA /* _ServiceObject.m in Sources */,
				7D7096021A71D55C00F835C4 /* QueryResult.m in Sources */,
				7D56EE8B1A70616500BFCC32 /* SwiftyJSON.swift in Sources */,
				844D6E351AA4D01200EE71ED /* DebugViewController.swift in Sources */,
				7DA7308B1A71ACC9008C25FA /* _Place.m in Sources */,
				7D40B94A1A79A36D00F9954C /* _PACategory.m in Sources */,
				7D40B94B1A79A36D00F9954C /* PACategory.m in Sources */,
				7D021ABE1A9409450047DAAE /* SignInTableViewController.swift in Sources */,
				7D3D39F01A6F116E00A44CB2 /* ProxibaseAPI.swift in Sources */,
				7D0BAD4C1A96CEB0002E602D /* MainTabBarController.swift in Sources */,
				7D668A991A9C08DC005EDAF8 /* PatchTableViewCell.swift in Sources */,
				7D7095D71A71BE3200F835C4 /* FetchControllerDelegate.swift in Sources */,
				7D40B9401A7816C400F9954C /* ServiceData.m in Sources */,
				7D3F26DC1A7706610015F8E8 /* Notification.m in Sources */,
				7DA3D9121A72D5A60082D2AB /* DataStore.swift in Sources */,
				7D3F26DB1A7706610015F8E8 /* _Notification.m in Sources */,
				7DA7306D1A71A0EE008C25FA /* Model.xcdatamodeld in Sources */,
				84EF12AC1AA904700043EBBA /* Utilities.swift in Sources */,
				7D40B9501A79A6FD00F9954C /* _ProviderMap.m in Sources */,
				7DE975EB1AA7D69500C1ECE9 /* FetchedResultsTableViewController.swift in Sources */,
				7D3F26D31A76F77E0015F8E8 /* _Location.m in Sources */,
				844D6E371AA6550400EE71ED /* PhotoChooserUI.swift in Sources */,
				7DA730891A71ACC9008C25FA /* _Entity.m in Sources */,
			);
			runOnlyForDeploymentPostprocessing = 0;
		};
		7D3D39DA1A6F087000A44CB2 /* Sources */ = {
			isa = PBXSourcesBuildPhase;
			buildActionMask = 2147483647;
			files = (
				842CF7591AAA73550078334A /* Utilities.swift in Sources */,
				7DA7306A1A70714C008C25FA /* JSONResponseSerializerWithData.m in Sources */,
				7D3D39E51A6F087000A44CB2 /* PatchrTests.swift in Sources */,
				7D56EE8C1A70617200BFCC32 /* SwiftyJSON.swift in Sources */,
				7D56EE8D1A70618800BFCC32 /* ProxibaseAPI.swift in Sources */,
			);
			runOnlyForDeploymentPostprocessing = 0;
		};
/* End PBXSourcesBuildPhase section */

/* Begin PBXTargetDependency section */
		7D3D39E01A6F087000A44CB2 /* PBXTargetDependency */ = {
			isa = PBXTargetDependency;
			target = 7D3D39C81A6F086F00A44CB2 /* Patchr */;
			targetProxy = 7D3D39DF1A6F087000A44CB2 /* PBXContainerItemProxy */;
		};
/* End PBXTargetDependency section */

/* Begin PBXVariantGroup section */
		7D3D39D21A6F086F00A44CB2 /* Main.storyboard */ = {
			isa = PBXVariantGroup;
			children = (
				7D3D39D31A6F086F00A44CB2 /* Base */,
			);
			name = Main.storyboard;
			sourceTree = "<group>";
		};
		7D3D39D71A6F086F00A44CB2 /* LaunchScreen.xib */ = {
			isa = PBXVariantGroup;
			children = (
				7D3D39D81A6F086F00A44CB2 /* Base */,
			);
			name = LaunchScreen.xib;
			sourceTree = "<group>";
		};
		8468F8211A9D09D1007D6EE6 /* Localizable.strings */ = {
			isa = PBXVariantGroup;
			children = (
				8468F8201A9D09D1007D6EE6 /* en */,
			);
			name = Localizable.strings;
			sourceTree = "<group>";
		};
/* End PBXVariantGroup section */

/* Begin XCBuildConfiguration section */
		7D3D39E61A6F087000A44CB2 /* Debug */ = {
			isa = XCBuildConfiguration;
			buildSettings = {
				ALWAYS_SEARCH_USER_PATHS = NO;
				CLANG_CXX_LANGUAGE_STANDARD = "gnu++0x";
				CLANG_CXX_LIBRARY = "libc++";
				CLANG_ENABLE_MODULES = YES;
				CLANG_ENABLE_OBJC_ARC = YES;
				CLANG_WARN_BOOL_CONVERSION = YES;
				CLANG_WARN_CONSTANT_CONVERSION = YES;
				CLANG_WARN_DIRECT_OBJC_ISA_USAGE = YES_ERROR;
				CLANG_WARN_EMPTY_BODY = YES;
				CLANG_WARN_ENUM_CONVERSION = YES;
				CLANG_WARN_INT_CONVERSION = YES;
				CLANG_WARN_OBJC_ROOT_CLASS = YES_ERROR;
				CLANG_WARN_UNREACHABLE_CODE = YES;
				CLANG_WARN__DUPLICATE_METHOD_MATCH = YES;
				"CODE_SIGN_IDENTITY[sdk=iphoneos*]" = "iPhone Developer";
				COPY_PHASE_STRIP = NO;
				ENABLE_STRICT_OBJC_MSGSEND = YES;
				GCC_C_LANGUAGE_STANDARD = gnu99;
				GCC_DYNAMIC_NO_PIC = NO;
				GCC_OPTIMIZATION_LEVEL = 0;
				GCC_PREPROCESSOR_DEFINITIONS = (
					"DEBUG=1",
					"$(inherited)",
				);
				GCC_SYMBOLS_PRIVATE_EXTERN = NO;
				GCC_WARN_64_TO_32_BIT_CONVERSION = YES;
				GCC_WARN_ABOUT_RETURN_TYPE = YES_ERROR;
				GCC_WARN_UNDECLARED_SELECTOR = YES;
				GCC_WARN_UNINITIALIZED_AUTOS = YES_AGGRESSIVE;
				GCC_WARN_UNUSED_FUNCTION = YES;
				GCC_WARN_UNUSED_VARIABLE = YES;
				IPHONEOS_DEPLOYMENT_TARGET = 7.0;
				MTL_ENABLE_DEBUG_INFO = YES;
				ONLY_ACTIVE_ARCH = YES;
				SDKROOT = iphoneos;
				SWIFT_OPTIMIZATION_LEVEL = "-Onone";
			};
			name = Debug;
		};
		7D3D39E71A6F087000A44CB2 /* Release */ = {
			isa = XCBuildConfiguration;
			buildSettings = {
				ALWAYS_SEARCH_USER_PATHS = NO;
				CLANG_CXX_LANGUAGE_STANDARD = "gnu++0x";
				CLANG_CXX_LIBRARY = "libc++";
				CLANG_ENABLE_MODULES = YES;
				CLANG_ENABLE_OBJC_ARC = YES;
				CLANG_WARN_BOOL_CONVERSION = YES;
				CLANG_WARN_CONSTANT_CONVERSION = YES;
				CLANG_WARN_DIRECT_OBJC_ISA_USAGE = YES_ERROR;
				CLANG_WARN_EMPTY_BODY = YES;
				CLANG_WARN_ENUM_CONVERSION = YES;
				CLANG_WARN_INT_CONVERSION = YES;
				CLANG_WARN_OBJC_ROOT_CLASS = YES_ERROR;
				CLANG_WARN_UNREACHABLE_CODE = YES;
				CLANG_WARN__DUPLICATE_METHOD_MATCH = YES;
				"CODE_SIGN_IDENTITY[sdk=iphoneos*]" = "iPhone Developer";
				COPY_PHASE_STRIP = YES;
				ENABLE_NS_ASSERTIONS = NO;
				ENABLE_STRICT_OBJC_MSGSEND = YES;
				GCC_C_LANGUAGE_STANDARD = gnu99;
				GCC_WARN_64_TO_32_BIT_CONVERSION = YES;
				GCC_WARN_ABOUT_RETURN_TYPE = YES_ERROR;
				GCC_WARN_UNDECLARED_SELECTOR = YES;
				GCC_WARN_UNINITIALIZED_AUTOS = YES_AGGRESSIVE;
				GCC_WARN_UNUSED_FUNCTION = YES;
				GCC_WARN_UNUSED_VARIABLE = YES;
				IPHONEOS_DEPLOYMENT_TARGET = 7.0;
				MTL_ENABLE_DEBUG_INFO = NO;
				SDKROOT = iphoneos;
				VALIDATE_PRODUCT = YES;
			};
			name = Release;
		};
		7D3D39E91A6F087000A44CB2 /* Debug */ = {
			isa = XCBuildConfiguration;
			baseConfigurationReference = A80DE63116DE3050C0FEC4EE /* Pods-Patchr.debug.xcconfig */;
			buildSettings = {
				ASSETCATALOG_COMPILER_APPICON_NAME = AppIcon;
				BUNDLE_DISPLAY_NAME_SUFFIX = " α";
				BUNDLE_ID_SUFFIX = .debug;
				CODE_SIGN_IDENTITY = "iPhone Developer";
				INFOPLIST_FILE = Patchr/Info.plist;
				LD_RUNPATH_SEARCH_PATHS = "$(inherited) @executable_path/Frameworks";
				OTHER_SWIFT_FLAGS = "-D DEBUG";
				PRODUCT_NAME = "$(TARGET_NAME)";
				SWIFT_OBJC_BRIDGING_HEADER = Patchr/BridgingHeader.h;
			};
			name = Debug;
		};
		7D3D39EA1A6F087000A44CB2 /* Release */ = {
			isa = XCBuildConfiguration;
			baseConfigurationReference = A9B11FC184124D485DAA2948 /* Pods-Patchr.release.xcconfig */;
			buildSettings = {
				ASSETCATALOG_COMPILER_APPICON_NAME = AppIcon;
				BUNDLE_DISPLAY_NAME_SUFFIX = "";
				BUNDLE_ID_SUFFIX = "";
				CODE_SIGN_IDENTITY = "iPhone Developer";
				INFOPLIST_FILE = Patchr/Info.plist;
				LD_RUNPATH_SEARCH_PATHS = "$(inherited) @executable_path/Frameworks";
				OTHER_SWIFT_FLAGS = "-D DEBUG";
				PRODUCT_NAME = "$(TARGET_NAME)";
				SWIFT_OBJC_BRIDGING_HEADER = Patchr/BridgingHeader.h;
			};
			name = Release;
		};
		7D3D39EC1A6F087000A44CB2 /* Debug */ = {
			isa = XCBuildConfiguration;
			baseConfigurationReference = 1F32235EEBEB15B7E011D5E4 /* Pods-PatchrTests.debug.xcconfig */;
			buildSettings = {
				BUNDLE_LOADER = "$(TEST_HOST)";
				FRAMEWORK_SEARCH_PATHS = (
					"$(SDKROOT)/Developer/Library/Frameworks",
					"$(inherited)",
				);
				GCC_PREPROCESSOR_DEFINITIONS = (
					"DEBUG=1",
					"$(inherited)",
				);
				INFOPLIST_FILE = PatchrTests/Info.plist;
				LD_RUNPATH_SEARCH_PATHS = "$(inherited) @executable_path/Frameworks @loader_path/Frameworks";
				PRODUCT_NAME = "$(TARGET_NAME)";
				STRIP_STYLE = "non-global";
				SWIFT_OBJC_BRIDGING_HEADER = Patchr/BridgingHeader.h;
				TEST_HOST = "$(BUILT_PRODUCTS_DIR)/Patchr.app/Patchr";
			};
			name = Debug;
		};
		7D3D39ED1A6F087000A44CB2 /* Release */ = {
			isa = XCBuildConfiguration;
			baseConfigurationReference = F5B1CF9518B65D4EA512C8F1 /* Pods-PatchrTests.release.xcconfig */;
			buildSettings = {
				BUNDLE_LOADER = "$(TEST_HOST)";
				FRAMEWORK_SEARCH_PATHS = (
					"$(SDKROOT)/Developer/Library/Frameworks",
					"$(inherited)",
				);
				INFOPLIST_FILE = PatchrTests/Info.plist;
				LD_RUNPATH_SEARCH_PATHS = "$(inherited) @executable_path/Frameworks @loader_path/Frameworks";
				PRODUCT_NAME = "$(TARGET_NAME)";
				STRIP_STYLE = "non-global";
				SWIFT_OBJC_BRIDGING_HEADER = Patchr/BridgingHeader.h;
				TEST_HOST = "$(BUILT_PRODUCTS_DIR)/Patchr.app/Patchr";
			};
			name = Release;
		};
		7D9C9E3E1A9BD3290069E332 /* AdHoc */ = {
			isa = XCBuildConfiguration;
			buildSettings = {
				ALWAYS_SEARCH_USER_PATHS = NO;
				CLANG_CXX_LANGUAGE_STANDARD = "gnu++0x";
				CLANG_CXX_LIBRARY = "libc++";
				CLANG_ENABLE_MODULES = YES;
				CLANG_ENABLE_OBJC_ARC = YES;
				CLANG_WARN_BOOL_CONVERSION = YES;
				CLANG_WARN_CONSTANT_CONVERSION = YES;
				CLANG_WARN_DIRECT_OBJC_ISA_USAGE = YES_ERROR;
				CLANG_WARN_EMPTY_BODY = YES;
				CLANG_WARN_ENUM_CONVERSION = YES;
				CLANG_WARN_INT_CONVERSION = YES;
				CLANG_WARN_OBJC_ROOT_CLASS = YES_ERROR;
				CLANG_WARN_UNREACHABLE_CODE = YES;
				CLANG_WARN__DUPLICATE_METHOD_MATCH = YES;
				"CODE_SIGN_IDENTITY[sdk=iphoneos*]" = "iPhone Developer";
				COPY_PHASE_STRIP = YES;
				ENABLE_NS_ASSERTIONS = NO;
				ENABLE_STRICT_OBJC_MSGSEND = YES;
				GCC_C_LANGUAGE_STANDARD = gnu99;
				GCC_WARN_64_TO_32_BIT_CONVERSION = YES;
				GCC_WARN_ABOUT_RETURN_TYPE = YES_ERROR;
				GCC_WARN_UNDECLARED_SELECTOR = YES;
				GCC_WARN_UNINITIALIZED_AUTOS = YES_AGGRESSIVE;
				GCC_WARN_UNUSED_FUNCTION = YES;
				GCC_WARN_UNUSED_VARIABLE = YES;
				IPHONEOS_DEPLOYMENT_TARGET = 7.0;
				MTL_ENABLE_DEBUG_INFO = NO;
				SDKROOT = iphoneos;
				VALIDATE_PRODUCT = YES;
			};
			name = AdHoc;
		};
		7D9C9E3F1A9BD3290069E332 /* AdHoc */ = {
			isa = XCBuildConfiguration;
			baseConfigurationReference = A9B11FC184124D485DAA2948 /* Pods-Patchr.release.xcconfig */;
			buildSettings = {
				ASSETCATALOG_COMPILER_APPICON_NAME = AppIcon;
				BUNDLE_DISPLAY_NAME_SUFFIX = " β";
				BUNDLE_ID_SUFFIX = .adhoc;
				CODE_SIGN_IDENTITY = "iPhone Developer";
				INFOPLIST_FILE = Patchr/Info.plist;
				LD_RUNPATH_SEARCH_PATHS = "$(inherited) @executable_path/Frameworks";
				OTHER_SWIFT_FLAGS = "-D DEBUG";
				PRODUCT_NAME = "$(TARGET_NAME)";
				SWIFT_OBJC_BRIDGING_HEADER = Patchr/BridgingHeader.h;
			};
			name = AdHoc;
		};
		7D9C9E401A9BD3290069E332 /* AdHoc */ = {
			isa = XCBuildConfiguration;
			baseConfigurationReference = F5B1CF9518B65D4EA512C8F1 /* Pods-PatchrTests.release.xcconfig */;
			buildSettings = {
				BUNDLE_LOADER = "$(TEST_HOST)";
				FRAMEWORK_SEARCH_PATHS = (
					"$(SDKROOT)/Developer/Library/Frameworks",
					"$(inherited)",
				);
				INFOPLIST_FILE = PatchrTests/Info.plist;
				LD_RUNPATH_SEARCH_PATHS = "$(inherited) @executable_path/Frameworks @loader_path/Frameworks";
				PRODUCT_NAME = "$(TARGET_NAME)";
				STRIP_STYLE = "non-global";
				SWIFT_OBJC_BRIDGING_HEADER = Patchr/BridgingHeader.h;
				TEST_HOST = "$(BUILT_PRODUCTS_DIR)/Patchr.app/Patchr";
			};
			name = AdHoc;
		};
/* End XCBuildConfiguration section */

/* Begin XCConfigurationList section */
		7D3D39C41A6F086F00A44CB2 /* Build configuration list for PBXProject "Patchr" */ = {
			isa = XCConfigurationList;
			buildConfigurations = (
				7D3D39E61A6F087000A44CB2 /* Debug */,
				7D3D39E71A6F087000A44CB2 /* Release */,
				7D9C9E3E1A9BD3290069E332 /* AdHoc */,
			);
			defaultConfigurationIsVisible = 0;
			defaultConfigurationName = Release;
		};
		7D3D39E81A6F087000A44CB2 /* Build configuration list for PBXNativeTarget "Patchr" */ = {
			isa = XCConfigurationList;
			buildConfigurations = (
				7D3D39E91A6F087000A44CB2 /* Debug */,
				7D3D39EA1A6F087000A44CB2 /* Release */,
				7D9C9E3F1A9BD3290069E332 /* AdHoc */,
			);
			defaultConfigurationIsVisible = 0;
			defaultConfigurationName = Release;
		};
		7D3D39EB1A6F087000A44CB2 /* Build configuration list for PBXNativeTarget "PatchrTests" */ = {
			isa = XCConfigurationList;
			buildConfigurations = (
				7D3D39EC1A6F087000A44CB2 /* Debug */,
				7D3D39ED1A6F087000A44CB2 /* Release */,
				7D9C9E401A9BD3290069E332 /* AdHoc */,
			);
			defaultConfigurationIsVisible = 0;
			defaultConfigurationName = Release;
		};
/* End XCConfigurationList section */

/* Begin XCVersionGroup section */
		7DA7306B1A71A0EE008C25FA /* Model.xcdatamodeld */ = {
			isa = XCVersionGroup;
			children = (
				7DA7306C1A71A0EE008C25FA /* Model.xcdatamodel */,
			);
			currentVersion = 7DA7306C1A71A0EE008C25FA /* Model.xcdatamodel */;
			path = Model.xcdatamodeld;
			sourceTree = "<group>";
			versionGroupType = wrapper.xcdatamodel;
		};
/* End XCVersionGroup section */
	};
	rootObject = 7D3D39C11A6F086F00A44CB2 /* Project object */;
}
